
Microsoft Visual Studio Solution File, Format Version 12.00
# Visual Studio Version 17
VisualStudioVersion = 17.6.33829.357
MinimumVisualStudioVersion = 10.0.40219.1
Project("{FAE04EC0-301F-11D3-BF4B-00C04F79EFBC}") = "Basic.Net6", "Basic.Net6\Basic.Net6.csproj", "{2865C20B-9375-4125-811A-1BB45EA8C5C1}"
EndProject
Global
	GlobalSection(SolutionConfigurationPlatforms) = preSolution
		Debug|Any CPU = Debug|Any CPU
		Release|Any CPU = Release|Any CPU
	EndGlobalSection
	GlobalSection(ProjectConfigurationPlatforms) = postSolution
		{2865C20B-9375-4125-811A-1BB45EA8C5C1}.Debug|Any CPU.ActiveCfg = Debug|Any CPU
		{2865C20B-9375-4125-811A-1BB45EA8C5C1}.Debug|Any CPU.Build.0 = Debug|Any CPU
		{2865C20B-9375-4125-811A-1BB45EA8C5C1}.Release|Any CPU.ActiveCfg = Release|Any CPU
		{2865C20B-9375-4125-811A-1BB45EA8C5C1}.Release|Any CPU.Build.0 = Release|Any CPU
	EndGlobalSection
	GlobalSection(SolutionProperties) = preSolution
		HideSolutionNode = FALSE
	EndGlobalSection
	GlobalSection(ExtensibilityGlobals) = postSolution
		SolutionGuid = {30311B15-FB30-4D73-A935-91F0B169020B}
	EndGlobalSection
EndGlobal
